
Microsoft Visual Studio Solution File, Format Version 12.00
# Visual Studio 15
VisualStudioVersion = 15.0.27703.2042
MinimumVisualStudioVersion = 10.0.40219.1
Project("{FAE04EC0-301F-11D3-BF4B-00C04F79EFBC}") = "ConsoleApp1", "ConsoleApp1\ConsoleApp1.csproj", "{47055E15-5887-42F7-A817-0BB887E6BDBE}"
EndProject
Global
	GlobalSection(SolutionConfigurationPlatforms) = preSolution
		Debug|Any CPU = Debug|Any CPU
		Release|Any CPU = Release|Any CPU
	EndGlobalSection
	GlobalSection(ProjectConfigurationPlatforms) = postSolution
		{47055E15-5887-42F7-A817-0BB887E6BDBE}.Debug|Any CPU.ActiveCfg = Debug|Any CPU
		{47055E15-5887-42F7-A817-0BB887E6BDBE}.Debug|Any CPU.Build.0 = Debug|Any CPU
		{47055E15-5887-42F7-A817-0BB887E6BDBE}.Release|Any CPU.ActiveCfg = Release|Any CPU
		{47055E15-5887-42F7-A817-0BB887E6BDBE}.Release|Any CPU.Build.0 = Release|Any CPU
	EndGlobalSection
	GlobalSection(SolutionProperties) = preSolution
		HideSolutionNode = FALSE
	EndGlobalSection
	GlobalSection(ExtensibilityGlobals) = postSolution
		SolutionGuid = {1900240B-031E-4BA1-B088-7C76454D94E5}
	EndGlobalSection
EndGlobal
